
Microsoft Visual Studio Solution File, Format Version 12.00
# Visual Studio Version 16
VisualStudioVersion = 16.0.32126.315
MinimumVisualStudioVersion = 10.0.40219.1
Project("{FAE04EC0-301F-11D3-BF4B-00C04F79EFBC}") = "AddHole", "AddHole.csproj", "{3C7FE274-CD6B-433D-A041-5B9146A58CC0}"
EndProject
Global
	GlobalSection(SolutionConfigurationPlatforms) = preSolution
		Debug|Any CPU = Debug|Any CPU
		Release|Any CPU = Release|Any CPU
	EndGlobalSection
	GlobalSection(ProjectConfigurationPlatforms) = postSolution
		{3C7FE274-CD6B-433D-A041-5B9146A58CC0}.Debug|Any CPU.ActiveCfg = Debug|Any CPU
		{3C7FE274-CD6B-433D-A041-5B9146A58CC0}.Debug|Any CPU.Build.0 = Debug|Any CPU
		{3C7FE274-CD6B-433D-A041-5B9146A58CC0}.Release|Any CPU.ActiveCfg = Release|Any CPU
		{3C7FE274-CD6B-433D-A041-5B9146A58CC0}.Release|Any CPU.Build.0 = Release|Any CPU
	EndGlobalSection
	GlobalSection(SolutionProperties) = preSolution
		HideSolutionNode = FALSE
	EndGlobalSection
	GlobalSection(ExtensibilityGlobals) = postSolution
		SolutionGuid = {8392B8B9-D260-4534-BDB8-E6B1BA87FF7A}
	EndGlobalSection
EndGlobal
